// !$*UTF8*$!
{
	archiveVersion = 1;
	classes = {
	};
	objectVersion = 50;
	objects = {

/* Begin PBXBuildFile section */
		19313DE216BAC8F0F2834348 /* Pods_Novartis.framework in Frameworks */ = {isa = PBXBuildFile; fileRef = DFE61B8D32FB3ACA40E62CBA /* Pods_Novartis.framework */; };
		28083E058B38DC54BABF0ECB /* Pods_Novartis.framework in Frameworks */ = {isa = PBXBuildFile; fileRef = DFE61B8D32FB3ACA40E62CBA /* Pods_Novartis.framework */; };
		5E6BD33A7BB518445B6D9C90 /* Pods_NovartisTests.framework in Frameworks */ = {isa = PBXBuildFile; fileRef = 8FB40B91B9E1A7859F1A2863 /* Pods_NovartisTests.framework */; };
		642A7911FE3D20E2718FECE4 /* Pods_Novartis_Germany.framework in Frameworks */ = {isa = PBXBuildFile; fileRef = B79878C75698D8D69AA7D35D /* Pods_Novartis_Germany.framework */; };
		D576A23822E33C74001461AF /* AppDelegate.swift in Sources */ = {isa = PBXBuildFile; fileRef = D576A23722E33C74001461AF /* AppDelegate.swift */; };
		D576A23D22E33C74001461AF /* Main.storyboard in Resources */ = {isa = PBXBuildFile; fileRef = D576A23B22E33C74001461AF /* Main.storyboard */; };
		D576A23F22E33C76001461AF /* Assets.xcassets in Resources */ = {isa = PBXBuildFile; fileRef = D576A23E22E33C76001461AF /* Assets.xcassets */; };
		D576A24222E33C76001461AF /* LaunchScreen.storyboard in Resources */ = {isa = PBXBuildFile; fileRef = D576A24022E33C76001461AF /* LaunchScreen.storyboard */; };
		D576A24D22E33C76001461AF /* NovartisTests.swift in Sources */ = {isa = PBXBuildFile; fileRef = D576A24C22E33C76001461AF /* NovartisTests.swift */; };
		D576A25822E33C76001461AF /* NovartisUITests.swift in Sources */ = {isa = PBXBuildFile; fileRef = D576A25722E33C76001461AF /* NovartisUITests.swift */; };
		D576A27722E34152001461AF /* CountryInfo.swift in Sources */ = {isa = PBXBuildFile; fileRef = D576A27622E34152001461AF /* CountryInfo.swift */; };
		D576A27922E34DD9001461AF /* IR.json in Resources */ = {isa = PBXBuildFile; fileRef = D576A27822E34DD9001461AF /* IR.json */; };
		D576A27B22E34DEB001461AF /* GE.json in Resources */ = {isa = PBXBuildFile; fileRef = D576A27A22E34DEB001461AF /* GE.json */; };
		D576A27E22E34F21001461AF /* envelope.png in Resources */ = {isa = PBXBuildFile; fileRef = D576A27D22E34F21001461AF /* envelope.png */; };
		D576A28122E35852001461AF /* LoginViewController.swift in Sources */ = {isa = PBXBuildFile; fileRef = D576A28022E35852001461AF /* LoginViewController.swift */; };
		D576A28322E36199001461AF /* NewUserViewController.swift in Sources */ = {isa = PBXBuildFile; fileRef = D576A28222E36199001461AF /* NewUserViewController.swift */; };
		D576A28522E3662C001461AF /* CountryInfoViewController.swift in Sources */ = {isa = PBXBuildFile; fileRef = D576A28422E3662C001461AF /* CountryInfoViewController.swift */; };
		D576A28822E3814F001461AF /* ServiceRouter.swift in Sources */ = {isa = PBXBuildFile; fileRef = D576A28722E3814F001461AF /* ServiceRouter.swift */; };
		D576A28A22E38709001461AF /* RestClient.swift in Sources */ = {isa = PBXBuildFile; fileRef = D576A28922E38709001461AF /* RestClient.swift */; };
		D576A28D22E3995F001461AF /* CountryInfoViewModel.swift in Sources */ = {isa = PBXBuildFile; fileRef = D576A28C22E3995F001461AF /* CountryInfoViewModel.swift */; };
		D576A29022E39CFF001461AF /* LoginManager.swift in Sources */ = {isa = PBXBuildFile; fileRef = D576A28F22E39CFF001461AF /* LoginManager.swift */; };
		D576A29222E3A4E3001461AF /* Auth0.plist in Resources */ = {isa = PBXBuildFile; fileRef = D576A29122E3A4E3001461AF /* Auth0.plist */; };
		D576A29522E3AD0C001461AF /* UIViewControllerEx.swift in Sources */ = {isa = PBXBuildFile; fileRef = D576A29422E3AD0C001461AF /* UIViewControllerEx.swift */; };
		D576A29822E3AD78001461AF /* Helpers.swift in Sources */ = {isa = PBXBuildFile; fileRef = D576A29722E3AD78001461AF /* Helpers.swift */; };
		D576A29B22E3CE42001461AF /* InvitationCodeLoginViewController.swift in Sources */ = {isa = PBXBuildFile; fileRef = D576A29A22E3CE42001461AF /* InvitationCodeLoginViewController.swift */; };
		D576A29F22E48BF2001461AF /* CountryInfoCellTableViewCell.swift in Sources */ = {isa = PBXBuildFile; fileRef = D576A29E22E48BF2001461AF /* CountryInfoCellTableViewCell.swift */; };
		D576A2A122E4E770001461AF /* StringEx.swift in Sources */ = {isa = PBXBuildFile; fileRef = D576A2A022E4E770001461AF /* StringEx.swift */; };
		D576A2A522E4F2E2001461AF /* CountryInfoCellTableViewCell.swift in Sources */ = {isa = PBXBuildFile; fileRef = D576A29E22E48BF2001461AF /* CountryInfoCellTableViewCell.swift */; };
		D576A2A622E4F2E2001461AF /* UIViewControllerEx.swift in Sources */ = {isa = PBXBuildFile; fileRef = D576A29422E3AD0C001461AF /* UIViewControllerEx.swift */; };
		D576A2A722E4F2E2001461AF /* RestClient.swift in Sources */ = {isa = PBXBuildFile; fileRef = D576A28922E38709001461AF /* RestClient.swift */; };
		D576A2A822E4F2E2001461AF /* StringEx.swift in Sources */ = {isa = PBXBuildFile; fileRef = D576A2A022E4E770001461AF /* StringEx.swift */; };
		D576A2A922E4F2E2001461AF /* LoginViewController.swift in Sources */ = {isa = PBXBuildFile; fileRef = D576A28022E35852001461AF /* LoginViewController.swift */; };
		D576A2AB22E4F2E2001461AF /* ServiceRouter.swift in Sources */ = {isa = PBXBuildFile; fileRef = D576A28722E3814F001461AF /* ServiceRouter.swift */; };
		D576A2AC22E4F2E2001461AF /* NewUserViewController.swift in Sources */ = {isa = PBXBuildFile; fileRef = D576A28222E36199001461AF /* NewUserViewController.swift */; };
		D576A2AD22E4F2E2001461AF /* LoginManager.swift in Sources */ = {isa = PBXBuildFile; fileRef = D576A28F22E39CFF001461AF /* LoginManager.swift */; };
		D576A2AE22E4F2E2001461AF /* Helpers.swift in Sources */ = {isa = PBXBuildFile; fileRef = D576A29722E3AD78001461AF /* Helpers.swift */; };
		D576A2AF22E4F2E2001461AF /* CountryInfoViewController.swift in Sources */ = {isa = PBXBuildFile; fileRef = D576A28422E3662C001461AF /* CountryInfoViewController.swift */; };
		D576A2B022E4F2E2001461AF /* AppDelegate.swift in Sources */ = {isa = PBXBuildFile; fileRef = D576A23722E33C74001461AF /* AppDelegate.swift */; };
		D576A2B122E4F2E2001461AF /* CountryInfoViewModel.swift in Sources */ = {isa = PBXBuildFile; fileRef = D576A28C22E3995F001461AF /* CountryInfoViewModel.swift */; };
		D576A2B222E4F2E2001461AF /* CountryInfo.swift in Sources */ = {isa = PBXBuildFile; fileRef = D576A27622E34152001461AF /* CountryInfo.swift */; };
		D576A2B322E4F2E2001461AF /* InvitationCodeLoginViewController.swift in Sources */ = {isa = PBXBuildFile; fileRef = D576A29A22E3CE42001461AF /* InvitationCodeLoginViewController.swift */; };
		D576A2B722E4F2E2001461AF /* IR.json in Resources */ = {isa = PBXBuildFile; fileRef = D576A27822E34DD9001461AF /* IR.json */; };
		D576A2B922E4F2E2001461AF /* LaunchScreen.storyboard in Resources */ = {isa = PBXBuildFile; fileRef = D576A24022E33C76001461AF /* LaunchScreen.storyboard */; };
		D576A2BA22E4F2E2001461AF /* Assets.xcassets in Resources */ = {isa = PBXBuildFile; fileRef = D576A23E22E33C76001461AF /* Assets.xcassets */; };
		D576A2BB22E4F2E2001461AF /* Main.storyboard in Resources */ = {isa = PBXBuildFile; fileRef = D576A23B22E33C74001461AF /* Main.storyboard */; };
		D576A2BC22E4F2E2001461AF /* envelope.png in Resources */ = {isa = PBXBuildFile; fileRef = D576A27D22E34F21001461AF /* envelope.png */; };
		D576A2BD22E4F2E2001461AF /* GE.json in Resources */ = {isa = PBXBuildFile; fileRef = D576A27A22E34DEB001461AF /* GE.json */; };
		D576A2BE22E4F2E2001461AF /* Auth0.plist in Resources */ = {isa = PBXBuildFile; fileRef = D576A29122E3A4E3001461AF /* Auth0.plist */; };
		D576A2C722E51E1D001461AF /* Login.storyboard in Resources */ = {isa = PBXBuildFile; fileRef = D576A2CA22E51E1D001461AF /* Login.storyboard */; };
		D576A2C822E51E1D001461AF /* Login.storyboard in Resources */ = {isa = PBXBuildFile; fileRef = D576A2CA22E51E1D001461AF /* Login.storyboard */; };
		F478A0BD09264B73EB1F7BCD /* Pods_NovartisUITests.framework in Frameworks */ = {isa = PBXBuildFile; fileRef = EAC7D96B7EEAB6F3093DBAA0 /* Pods_NovartisUITests.framework */; };
/* End PBXBuildFile section */

/* Begin PBXContainerItemProxy section */
		D576A24922E33C76001461AF /* PBXContainerItemProxy */ = {
			isa = PBXContainerItemProxy;
			containerPortal = D576A22C22E33C74001461AF /* Project object */;
			proxyType = 1;
			remoteGlobalIDString = D576A23322E33C74001461AF;
			remoteInfo = Novartis;
		};
		D576A25422E33C76001461AF /* PBXContainerItemProxy */ = {
			isa = PBXContainerItemProxy;
			containerPortal = D576A22C22E33C74001461AF /* Project object */;
			proxyType = 1;
			remoteGlobalIDString = D576A23322E33C74001461AF;
			remoteInfo = Novartis;
		};
/* End PBXContainerItemProxy section */

/* Begin PBXFileReference section */
		05871F7AAB65BB02E67B50D8 /* Pods-Novartis Germany.release.xcconfig */ = {isa = PBXFileReference; includeInIndex = 1; lastKnownFileType = text.xcconfig; name = "Pods-Novartis Germany.release.xcconfig"; path = "Target Support Files/Pods-Novartis Germany/Pods-Novartis Germany.release.xcconfig"; sourceTree = "<group>"; };
		106C6B37BAA49734C7219196 /* Pods-Novartis.debug.xcconfig */ = {isa = PBXFileReference; includeInIndex = 1; lastKnownFileType = text.xcconfig; name = "Pods-Novartis.debug.xcconfig"; path = "Target Support Files/Pods-Novartis/Pods-Novartis.debug.xcconfig"; sourceTree = "<group>"; };
		191CDC2074921133A84F5743 /* Pods-Novartis Germany.debug.xcconfig */ = {isa = PBXFileReference; includeInIndex = 1; lastKnownFileType = text.xcconfig; name = "Pods-Novartis Germany.debug.xcconfig"; path = "Target Support Files/Pods-Novartis Germany/Pods-Novartis Germany.debug.xcconfig"; sourceTree = "<group>"; };
		394F0C33137B7B2F4CD8B087 /* Pods-Novartis.release.xcconfig */ = {isa = PBXFileReference; includeInIndex = 1; lastKnownFileType = text.xcconfig; name = "Pods-Novartis.release.xcconfig"; path = "Target Support Files/Pods-Novartis/Pods-Novartis.release.xcconfig"; sourceTree = "<group>"; };
		3BC518793645EFCFFF3D34C6 /* Pods-NovartisUITests.debug.xcconfig */ = {isa = PBXFileReference; includeInIndex = 1; lastKnownFileType = text.xcconfig; name = "Pods-NovartisUITests.debug.xcconfig"; path = "Target Support Files/Pods-NovartisUITests/Pods-NovartisUITests.debug.xcconfig"; sourceTree = "<group>"; };
		8C911D8D2089DA9B250AD70D /* Pods-NovartisUITests.release.xcconfig */ = {isa = PBXFileReference; includeInIndex = 1; lastKnownFileType = text.xcconfig; name = "Pods-NovartisUITests.release.xcconfig"; path = "Target Support Files/Pods-NovartisUITests/Pods-NovartisUITests.release.xcconfig"; sourceTree = "<group>"; };
		8FB40B91B9E1A7859F1A2863 /* Pods_NovartisTests.framework */ = {isa = PBXFileReference; explicitFileType = wrapper.framework; includeInIndex = 0; path = Pods_NovartisTests.framework; sourceTree = BUILT_PRODUCTS_DIR; };
		A3B8994CFC96A1C556B214A7 /* Pods-NovartisTests.release.xcconfig */ = {isa = PBXFileReference; includeInIndex = 1; lastKnownFileType = text.xcconfig; name = "Pods-NovartisTests.release.xcconfig"; path = "Target Support Files/Pods-NovartisTests/Pods-NovartisTests.release.xcconfig"; sourceTree = "<group>"; };
		B265BE5E7A2722319DE4B5C4 /* Pods-NovartisTests.debug.xcconfig */ = {isa = PBXFileReference; includeInIndex = 1; lastKnownFileType = text.xcconfig; name = "Pods-NovartisTests.debug.xcconfig"; path = "Target Support Files/Pods-NovartisTests/Pods-NovartisTests.debug.xcconfig"; sourceTree = "<group>"; };
		B79878C75698D8D69AA7D35D /* Pods_Novartis_Germany.framework */ = {isa = PBXFileReference; explicitFileType = wrapper.framework; includeInIndex = 0; path = Pods_Novartis_Germany.framework; sourceTree = BUILT_PRODUCTS_DIR; };
		D576A23422E33C74001461AF /* Novartis.app */ = {isa = PBXFileReference; explicitFileType = wrapper.application; includeInIndex = 0; path = Novartis.app; sourceTree = BUILT_PRODUCTS_DIR; };
		D576A23722E33C74001461AF /* AppDelegate.swift */ = {isa = PBXFileReference; lastKnownFileType = sourcecode.swift; path = AppDelegate.swift; sourceTree = "<group>"; };
		D576A23C22E33C74001461AF /* Base */ = {isa = PBXFileReference; lastKnownFileType = file.storyboard; name = Base; path = Base.lproj/Main.storyboard; sourceTree = "<group>"; };
		D576A23E22E33C76001461AF /* Assets.xcassets */ = {isa = PBXFileReference; lastKnownFileType = folder.assetcatalog; path = Assets.xcassets; sourceTree = "<group>"; };
		D576A24122E33C76001461AF /* Base */ = {isa = PBXFileReference; lastKnownFileType = file.storyboard; name = Base; path = Base.lproj/LaunchScreen.storyboard; sourceTree = "<group>"; };
		D576A24322E33C76001461AF /* Info.plist */ = {isa = PBXFileReference; lastKnownFileType = text.plist.xml; path = Info.plist; sourceTree = "<group>"; };
		D576A24822E33C76001461AF /* NovartisTests.xctest */ = {isa = PBXFileReference; explicitFileType = wrapper.cfbundle; includeInIndex = 0; path = NovartisTests.xctest; sourceTree = BUILT_PRODUCTS_DIR; };
		D576A24C22E33C76001461AF /* NovartisTests.swift */ = {isa = PBXFileReference; lastKnownFileType = sourcecode.swift; path = NovartisTests.swift; sourceTree = "<group>"; };
		D576A24E22E33C76001461AF /* Info.plist */ = {isa = PBXFileReference; lastKnownFileType = text.plist.xml; path = Info.plist; sourceTree = "<group>"; };
		D576A25322E33C76001461AF /* NovartisUITests.xctest */ = {isa = PBXFileReference; explicitFileType = wrapper.cfbundle; includeInIndex = 0; path = NovartisUITests.xctest; sourceTree = BUILT_PRODUCTS_DIR; };
		D576A25722E33C76001461AF /* NovartisUITests.swift */ = {isa = PBXFileReference; lastKnownFileType = sourcecode.swift; path = NovartisUITests.swift; sourceTree = "<group>"; };
		D576A25922E33C76001461AF /* Info.plist */ = {isa = PBXFileReference; lastKnownFileType = text.plist.xml; path = Info.plist; sourceTree = "<group>"; };
		D576A27622E34152001461AF /* CountryInfo.swift */ = {isa = PBXFileReference; lastKnownFileType = sourcecode.swift; path = CountryInfo.swift; sourceTree = "<group>"; };
		D576A27822E34DD9001461AF /* IR.json */ = {isa = PBXFileReference; lastKnownFileType = text.json; path = IR.json; sourceTree = "<group>"; };
		D576A27A22E34DEB001461AF /* GE.json */ = {isa = PBXFileReference; lastKnownFileType = text.json; path = GE.json; sourceTree = "<group>"; };
		D576A27D22E34F21001461AF /* envelope.png */ = {isa = PBXFileReference; lastKnownFileType = image.png; path = envelope.png; sourceTree = "<group>"; };
		D576A28022E35852001461AF /* LoginViewController.swift */ = {isa = PBXFileReference; lastKnownFileType = sourcecode.swift; path = LoginViewController.swift; sourceTree = "<group>"; };
		D576A28222E36199001461AF /* NewUserViewController.swift */ = {isa = PBXFileReference; lastKnownFileType = sourcecode.swift; path = NewUserViewController.swift; sourceTree = "<group>"; };
		D576A28422E3662C001461AF /* CountryInfoViewController.swift */ = {isa = PBXFileReference; lastKnownFileType = sourcecode.swift; path = CountryInfoViewController.swift; sourceTree = "<group>"; };
		D576A28722E3814F001461AF /* ServiceRouter.swift */ = {isa = PBXFileReference; lastKnownFileType = sourcecode.swift; path = ServiceRouter.swift; sourceTree = "<group>"; };
		D576A28922E38709001461AF /* RestClient.swift */ = {isa = PBXFileReference; lastKnownFileType = sourcecode.swift; path = RestClient.swift; sourceTree = "<group>"; };
		D576A28C22E3995F001461AF /* CountryInfoViewModel.swift */ = {isa = PBXFileReference; lastKnownFileType = sourcecode.swift; path = CountryInfoViewModel.swift; sourceTree = "<group>"; };
		D576A28F22E39CFF001461AF /* LoginManager.swift */ = {isa = PBXFileReference; lastKnownFileType = sourcecode.swift; path = LoginManager.swift; sourceTree = "<group>"; };
		D576A29122E3A4E3001461AF /* Auth0.plist */ = {isa = PBXFileReference; fileEncoding = 4; lastKnownFileType = text.plist.xml; path = Auth0.plist; sourceTree = "<group>"; };
		D576A29422E3AD0C001461AF /* UIViewControllerEx.swift */ = {isa = PBXFileReference; lastKnownFileType = sourcecode.swift; path = UIViewControllerEx.swift; sourceTree = "<group>"; };
		D576A29722E3AD78001461AF /* Helpers.swift */ = {isa = PBXFileReference; lastKnownFileType = sourcecode.swift; path = Helpers.swift; sourceTree = "<group>"; };
		D576A29A22E3CE42001461AF /* InvitationCodeLoginViewController.swift */ = {isa = PBXFileReference; lastKnownFileType = sourcecode.swift; path = InvitationCodeLoginViewController.swift; sourceTree = "<group>"; };
		D576A29E22E48BF2001461AF /* CountryInfoCellTableViewCell.swift */ = {isa = PBXFileReference; lastKnownFileType = sourcecode.swift; path = CountryInfoCellTableViewCell.swift; sourceTree = "<group>"; };
		D576A2A022E4E770001461AF /* StringEx.swift */ = {isa = PBXFileReference; lastKnownFileType = sourcecode.swift; path = StringEx.swift; sourceTree = "<group>"; };
		D576A2C322E4F2E2001461AF /* Novartis Germany.app */ = {isa = PBXFileReference; explicitFileType = wrapper.application; includeInIndex = 0; path = "Novartis Germany.app"; sourceTree = BUILT_PRODUCTS_DIR; };
		D576A2C422E4F2E3001461AF /* Novartis Germany.plist */ = {isa = PBXFileReference; lastKnownFileType = text.plist.xml; name = "Novartis Germany.plist"; path = "/Users/lux/Documents/Novartis/Novartis Germany.plist"; sourceTree = "<absolute>"; };
		D576A2C522E51CFB001461AF /* de */ = {isa = PBXFileReference; lastKnownFileType = text.plist.strings; name = de; path = de.lproj/Main.strings; sourceTree = "<group>"; };
		D576A2C622E51CFB001461AF /* de */ = {isa = PBXFileReference; lastKnownFileType = text.plist.strings; name = de; path = de.lproj/LaunchScreen.strings; sourceTree = "<group>"; };
		D576A2C922E51E1D001461AF /* Base */ = {isa = PBXFileReference; lastKnownFileType = file.storyboard; name = Base; path = Base.lproj/Login.storyboard; sourceTree = "<group>"; };
		D576A2CC22E51E2B001461AF /* de */ = {isa = PBXFileReference; lastKnownFileType = text.plist.strings; name = de; path = de.lproj/Login.strings; sourceTree = "<group>"; };
		DFE61B8D32FB3ACA40E62CBA /* Pods_Novartis.framework */ = {isa = PBXFileReference; explicitFileType = wrapper.framework; includeInIndex = 0; path = Pods_Novartis.framework; sourceTree = BUILT_PRODUCTS_DIR; };
		EAC7D96B7EEAB6F3093DBAA0 /* Pods_NovartisUITests.framework */ = {isa = PBXFileReference; explicitFileType = wrapper.framework; includeInIndex = 0; path = Pods_NovartisUITests.framework; sourceTree = BUILT_PRODUCTS_DIR; };
/* End PBXFileReference section */

/* Begin PBXFrameworksBuildPhase section */
		D576A23122E33C74001461AF /* Frameworks */ = {
			isa = PBXFrameworksBuildPhase;
			buildActionMask = 2147483647;
			files = (
				28083E058B38DC54BABF0ECB /* Pods_Novartis.framework in Frameworks */,
				19313DE216BAC8F0F2834348 /* Pods_Novartis.framework in Frameworks */,
			);
			runOnlyForDeploymentPostprocessing = 0;
		};
		D576A24522E33C76001461AF /* Frameworks */ = {
			isa = PBXFrameworksBuildPhase;
			buildActionMask = 2147483647;
			files = (
				5E6BD33A7BB518445B6D9C90 /* Pods_NovartisTests.framework in Frameworks */,
			);
			runOnlyForDeploymentPostprocessing = 0;
		};
		D576A25022E33C76001461AF /* Frameworks */ = {
			isa = PBXFrameworksBuildPhase;
			buildActionMask = 2147483647;
			files = (
				F478A0BD09264B73EB1F7BCD /* Pods_NovartisUITests.framework in Frameworks */,
			);
			runOnlyForDeploymentPostprocessing = 0;
		};
		D576A2B422E4F2E2001461AF /* Frameworks */ = {
			isa = PBXFrameworksBuildPhase;
			buildActionMask = 2147483647;
			files = (
				642A7911FE3D20E2718FECE4 /* Pods_Novartis_Germany.framework in Frameworks */,
			);
			runOnlyForDeploymentPostprocessing = 0;
		};
/* End PBXFrameworksBuildPhase section */

/* Begin PBXGroup section */
		1178783BBAB1EC5AFD192130 /* Frameworks */ = {
			isa = PBXGroup;
			children = (
				DFE61B8D32FB3ACA40E62CBA /* Pods_Novartis.framework */,
				8FB40B91B9E1A7859F1A2863 /* Pods_NovartisTests.framework */,
				EAC7D96B7EEAB6F3093DBAA0 /* Pods_NovartisUITests.framework */,
				B79878C75698D8D69AA7D35D /* Pods_Novartis_Germany.framework */,
			);
			name = Frameworks;
			sourceTree = "<group>";
		};
		D576A22B22E33C74001461AF = {
			isa = PBXGroup;
			children = (
				D576A23622E33C74001461AF /* Novartis */,
				D576A24B22E33C76001461AF /* NovartisTests */,
				D576A25622E33C76001461AF /* NovartisUITests */,
				D576A23522E33C74001461AF /* Products */,
				F90635BBD4E847B978BB9294 /* Pods */,
				1178783BBAB1EC5AFD192130 /* Frameworks */,
				D576A2C422E4F2E3001461AF /* Novartis Germany.plist */,
			);
			sourceTree = "<group>";
		};
		D576A23522E33C74001461AF /* Products */ = {
			isa = PBXGroup;
			children = (
				D576A23422E33C74001461AF /* Novartis.app */,
				D576A24822E33C76001461AF /* NovartisTests.xctest */,
				D576A25322E33C76001461AF /* NovartisUITests.xctest */,
				D576A2C322E4F2E2001461AF /* Novartis Germany.app */,
			);
			name = Products;
			sourceTree = "<group>";
		};
		D576A23622E33C74001461AF /* Novartis */ = {
			isa = PBXGroup;
			children = (
				D576A29622E3AD65001461AF /* Helpers */,
				D576A29322E3ACDF001461AF /* Extensions */,
				D576A28E22E39CEC001461AF /* Managers */,
				D576A28B22E39944001461AF /* ViewModels */,
				D576A28622E38135001461AF /* Rest */,
				D576A27F22E3582B001461AF /* Controllers */,
				D576A27C22E34F0F001461AF /* Resources */,
				D576A27522E3413B001461AF /* Models */,
				D576A23722E33C74001461AF /* AppDelegate.swift */,
				D576A23E22E33C76001461AF /* Assets.xcassets */,
				D576A24022E33C76001461AF /* LaunchScreen.storyboard */,
				D576A24322E33C76001461AF /* Info.plist */,
				D576A29122E3A4E3001461AF /* Auth0.plist */,
			);
			path = Novartis;
			sourceTree = "<group>";
		};
		D576A24B22E33C76001461AF /* NovartisTests */ = {
			isa = PBXGroup;
			children = (
				D576A24C22E33C76001461AF /* NovartisTests.swift */,
				D576A24E22E33C76001461AF /* Info.plist */,
			);
			path = NovartisTests;
			sourceTree = "<group>";
		};
		D576A25622E33C76001461AF /* NovartisUITests */ = {
			isa = PBXGroup;
			children = (
				D576A25722E33C76001461AF /* NovartisUITests.swift */,
				D576A25922E33C76001461AF /* Info.plist */,
			);
			path = NovartisUITests;
			sourceTree = "<group>";
		};
		D576A27522E3413B001461AF /* Models */ = {
			isa = PBXGroup;
			children = (
				D576A27622E34152001461AF /* CountryInfo.swift */,
				D576A27822E34DD9001461AF /* IR.json */,
				D576A27A22E34DEB001461AF /* GE.json */,
			);
			path = Models;
			sourceTree = "<group>";
		};
		D576A27C22E34F0F001461AF /* Resources */ = {
			isa = PBXGroup;
			children = (
				D576A27D22E34F21001461AF /* envelope.png */,
			);
			path = Resources;
			sourceTree = "<group>";
		};
		D576A27F22E3582B001461AF /* Controllers */ = {
			isa = PBXGroup;
			children = (
				D576A29C22E48BA5001461AF /* Home */,
				D576A29922E3CE08001461AF /* Login */,
			);
			path = Controllers;
			sourceTree = "<group>";
		};
		D576A28622E38135001461AF /* Rest */ = {
			isa = PBXGroup;
			children = (
				D576A28722E3814F001461AF /* ServiceRouter.swift */,
				D576A28922E38709001461AF /* RestClient.swift */,
			);
			path = Rest;
			sourceTree = "<group>";
		};
		D576A28B22E39944001461AF /* ViewModels */ = {
			isa = PBXGroup;
			children = (
				D576A28C22E3995F001461AF /* CountryInfoViewModel.swift */,
			);
			path = ViewModels;
			sourceTree = "<group>";
		};
		D576A28E22E39CEC001461AF /* Managers */ = {
			isa = PBXGroup;
			children = (
				D576A28F22E39CFF001461AF /* LoginManager.swift */,
			);
			path = Managers;
			sourceTree = "<group>";
		};
		D576A29322E3ACDF001461AF /* Extensions */ = {
			isa = PBXGroup;
			children = (
				D576A29422E3AD0C001461AF /* UIViewControllerEx.swift */,
				D576A2A022E4E770001461AF /* StringEx.swift */,
			);
			path = Extensions;
			sourceTree = "<group>";
		};
		D576A29622E3AD65001461AF /* Helpers */ = {
			isa = PBXGroup;
			children = (
				D576A29722E3AD78001461AF /* Helpers.swift */,
			);
			path = Helpers;
			sourceTree = "<group>";
		};
		D576A29922E3CE08001461AF /* Login */ = {
			isa = PBXGroup;
			children = (
				D576A28022E35852001461AF /* LoginViewController.swift */,
				D576A28222E36199001461AF /* NewUserViewController.swift */,
				D576A29A22E3CE42001461AF /* InvitationCodeLoginViewController.swift */,
				D576A2CA22E51E1D001461AF /* Login.storyboard */,
			);
			path = Login;
			sourceTree = "<group>";
		};
		D576A29C22E48BA5001461AF /* Home */ = {
			isa = PBXGroup;
			children = (
				D576A29D22E48BBB001461AF /* Cells */,
				D576A28422E3662C001461AF /* CountryInfoViewController.swift */,
				D576A23B22E33C74001461AF /* Main.storyboard */,
			);
			path = Home;
			sourceTree = "<group>";
		};
		D576A29D22E48BBB001461AF /* Cells */ = {
			isa = PBXGroup;
			children = (
				D576A29E22E48BF2001461AF /* CountryInfoCellTableViewCell.swift */,
			);
			path = Cells;
			sourceTree = "<group>";
		};
		F90635BBD4E847B978BB9294 /* Pods */ = {
			isa = PBXGroup;
			children = (
				B265BE5E7A2722319DE4B5C4 /* Pods-NovartisTests.debug.xcconfig */,
				A3B8994CFC96A1C556B214A7 /* Pods-NovartisTests.release.xcconfig */,
				3BC518793645EFCFFF3D34C6 /* Pods-NovartisUITests.debug.xcconfig */,
				8C911D8D2089DA9B250AD70D /* Pods-NovartisUITests.release.xcconfig */,
				106C6B37BAA49734C7219196 /* Pods-Novartis.debug.xcconfig */,
				394F0C33137B7B2F4CD8B087 /* Pods-Novartis.release.xcconfig */,
				191CDC2074921133A84F5743 /* Pods-Novartis Germany.debug.xcconfig */,
				05871F7AAB65BB02E67B50D8 /* Pods-Novartis Germany.release.xcconfig */,
			);
			path = Pods;
			sourceTree = "<group>";
		};
/* End PBXGroup section */

/* Begin PBXNativeTarget section */
		D576A23322E33C74001461AF /* Novartis */ = {
			isa = PBXNativeTarget;
			buildConfigurationList = D576A25C22E33C76001461AF /* Build configuration list for PBXNativeTarget "Novartis" */;
			buildPhases = (
				832899EAB4E44AC1E5F8B40E /* [CP] Check Pods Manifest.lock */,
				D576A23022E33C74001461AF /* Sources */,
				D576A23122E33C74001461AF /* Frameworks */,
				D576A23222E33C74001461AF /* Resources */,
				7CFAC8797902331AD769A7E5 /* [CP] Embed Pods Frameworks */,
			);
			buildRules = (
			);
			dependencies = (
			);
			name = Novartis;
			productName = Novartis;
			productReference = D576A23422E33C74001461AF /* Novartis.app */;
			productType = "com.apple.product-type.application";
		};
		D576A24722E33C76001461AF /* NovartisTests */ = {
			isa = PBXNativeTarget;
			buildConfigurationList = D576A25F22E33C76001461AF /* Build configuration list for PBXNativeTarget "NovartisTests" */;
			buildPhases = (
				9DB3AFC282C801CB4D85432C /* [CP] Check Pods Manifest.lock */,
				D576A24422E33C76001461AF /* Sources */,
				D576A24522E33C76001461AF /* Frameworks */,
				D576A24622E33C76001461AF /* Resources */,
			);
			buildRules = (
			);
			dependencies = (
				D576A24A22E33C76001461AF /* PBXTargetDependency */,
			);
			name = NovartisTests;
			productName = NovartisTests;
			productReference = D576A24822E33C76001461AF /* NovartisTests.xctest */;
			productType = "com.apple.product-type.bundle.unit-test";
		};
		D576A25222E33C76001461AF /* NovartisUITests */ = {
			isa = PBXNativeTarget;
			buildConfigurationList = D576A26222E33C76001461AF /* Build configuration list for PBXNativeTarget "NovartisUITests" */;
			buildPhases = (
				F768AA1EA4485FC023729F58 /* [CP] Check Pods Manifest.lock */,
				D576A24F22E33C76001461AF /* Sources */,
				D576A25022E33C76001461AF /* Frameworks */,
				D576A25122E33C76001461AF /* Resources */,
			);
			buildRules = (
			);
			dependencies = (
				D576A25522E33C76001461AF /* PBXTargetDependency */,
			);
			name = NovartisUITests;
			productName = NovartisUITests;
			productReference = D576A25322E33C76001461AF /* NovartisUITests.xctest */;
			productType = "com.apple.product-type.bundle.ui-testing";
		};
		D576A2A222E4F2E2001461AF /* Novartis Germany */ = {
			isa = PBXNativeTarget;
			buildConfigurationList = D576A2C022E4F2E2001461AF /* Build configuration list for PBXNativeTarget "Novartis Germany" */;
			buildPhases = (
				34383F75EF746570A7406E49 /* [CP] Check Pods Manifest.lock */,
				D576A2A422E4F2E2001461AF /* Sources */,
				D576A2B422E4F2E2001461AF /* Frameworks */,
				D576A2B622E4F2E2001461AF /* Resources */,
				B34510320CE7BA3BC0419C1B /* [CP] Embed Pods Frameworks */,
			);
			buildRules = (
			);
			dependencies = (
			);
			name = "Novartis Germany";
			productName = Novartis;
			productReference = D576A2C322E4F2E2001461AF /* Novartis Germany.app */;
			productType = "com.apple.product-type.application";
		};
/* End PBXNativeTarget section */

/* Begin PBXProject section */
		D576A22C22E33C74001461AF /* Project object */ = {
			isa = PBXProject;
			attributes = {
				LastSwiftUpdateCheck = 1020;
				LastUpgradeCheck = 1020;
				ORGANIZATIONNAME = lux;
				TargetAttributes = {
					D576A23322E33C74001461AF = {
						CreatedOnToolsVersion = 10.2.1;
					};
					D576A24722E33C76001461AF = {
						CreatedOnToolsVersion = 10.2.1;
						TestTargetID = D576A23322E33C74001461AF;
					};
					D576A25222E33C76001461AF = {
						CreatedOnToolsVersion = 10.2.1;
						TestTargetID = D576A23322E33C74001461AF;
					};
				};
			};
			buildConfigurationList = D576A22F22E33C74001461AF /* Build configuration list for PBXProject "Novartis" */;
			compatibilityVersion = "Xcode 9.3";
			developmentRegion = en;
			hasScannedForEncodings = 0;
			knownRegions = (
				en,
				Base,
				de,
			);
			mainGroup = D576A22B22E33C74001461AF;
			productRefGroup = D576A23522E33C74001461AF /* Products */;
			projectDirPath = "";
			projectRoot = "";
			targets = (
				D576A23322E33C74001461AF /* Novartis */,
				D576A24722E33C76001461AF /* NovartisTests */,
				D576A25222E33C76001461AF /* NovartisUITests */,
				D576A2A222E4F2E2001461AF /* Novartis Germany */,
			);
		};
/* End PBXProject section */

/* Begin PBXResourcesBuildPhase section */
		D576A23222E33C74001461AF /* Resources */ = {
			isa = PBXResourcesBuildPhase;
			buildActionMask = 2147483647;
			files = (
				D576A27922E34DD9001461AF /* IR.json in Resources */,
				D576A2C722E51E1D001461AF /* Login.storyboard in Resources */,
				D576A24222E33C76001461AF /* LaunchScreen.storyboard in Resources */,
				D576A23F22E33C76001461AF /* Assets.xcassets in Resources */,
				D576A23D22E33C74001461AF /* Main.storyboard in Resources */,
				D576A27E22E34F21001461AF /* envelope.png in Resources */,
				D576A27B22E34DEB001461AF /* GE.json in Resources */,
				D576A29222E3A4E3001461AF /* Auth0.plist in Resources */,
			);
			runOnlyForDeploymentPostprocessing = 0;
		};
		D576A24622E33C76001461AF /* Resources */ = {
			isa = PBXResourcesBuildPhase;
			buildActionMask = 2147483647;
			files = (
			);
			runOnlyForDeploymentPostprocessing = 0;
		};
		D576A25122E33C76001461AF /* Resources */ = {
			isa = PBXResourcesBuildPhase;
			buildActionMask = 2147483647;
			files = (
			);
			runOnlyForDeploymentPostprocessing = 0;
		};
		D576A2B622E4F2E2001461AF /* Resources */ = {
			isa = PBXResourcesBuildPhase;
			buildActionMask = 2147483647;
			files = (
				D576A2B722E4F2E2001461AF /* IR.json in Resources */,
				D576A2C822E51E1D001461AF /* Login.storyboard in Resources */,
				D576A2B922E4F2E2001461AF /* LaunchScreen.storyboard in Resources */,
				D576A2BA22E4F2E2001461AF /* Assets.xcassets in Resources */,
				D576A2BB22E4F2E2001461AF /* Main.storyboard in Resources */,
				D576A2BC22E4F2E2001461AF /* envelope.png in Resources */,
				D576A2BD22E4F2E2001461AF /* GE.json in Resources */,
				D576A2BE22E4F2E2001461AF /* Auth0.plist in Resources */,
			);
			runOnlyForDeploymentPostprocessing = 0;
		};
/* End PBXResourcesBuildPhase section */

/* Begin PBXShellScriptBuildPhase section */
		34383F75EF746570A7406E49 /* [CP] Check Pods Manifest.lock */ = {
			isa = PBXShellScriptBuildPhase;
			buildActionMask = 2147483647;
			files = (
			);
			inputFileListPaths = (
			);
			inputPaths = (
				"${PODS_PODFILE_DIR_PATH}/Podfile.lock",
				"${PODS_ROOT}/Manifest.lock",
			);
			name = "[CP] Check Pods Manifest.lock";
			outputFileListPaths = (
			);
			outputPaths = (
				"$(DERIVED_FILE_DIR)/Pods-Novartis Germany-checkManifestLockResult.txt",
			);
			runOnlyForDeploymentPostprocessing = 0;
			shellPath = /bin/sh;
			shellScript = "diff \"${PODS_PODFILE_DIR_PATH}/Podfile.lock\" \"${PODS_ROOT}/Manifest.lock\" > /dev/null\nif [ $? != 0 ] ; then\n    # print error to STDERR\n    echo \"error: The sandbox is not in sync with the Podfile.lock. Run 'pod install' or update your CocoaPods installation.\" >&2\n    exit 1\nfi\n# This output is used by Xcode 'outputs' to avoid re-running this script phase.\necho \"SUCCESS\" > \"${SCRIPT_OUTPUT_FILE_0}\"\n";
			showEnvVarsInLog = 0;
		};
		7CFAC8797902331AD769A7E5 /* [CP] Embed Pods Frameworks */ = {
			isa = PBXShellScriptBuildPhase;
			buildActionMask = 2147483647;
			files = (
			);
			inputFileListPaths = (
			);
			inputPaths = (
				"${PODS_ROOT}/Target Support Files/Pods-Novartis/Pods-Novartis-frameworks.sh",
				"${BUILT_PRODUCTS_DIR}/Alamofire/Alamofire.framework",
				"${BUILT_PRODUCTS_DIR}/Auth0/Auth0.framework",
				"${BUILT_PRODUCTS_DIR}/SVProgressHUD/SVProgressHUD.framework",
				"${BUILT_PRODUCTS_DIR}/SimpleKeychain/SimpleKeychain.framework",
			);
			name = "[CP] Embed Pods Frameworks";
			outputFileListPaths = (
			);
			outputPaths = (
				"${TARGET_BUILD_DIR}/${FRAMEWORKS_FOLDER_PATH}/Alamofire.framework",
				"${TARGET_BUILD_DIR}/${FRAMEWORKS_FOLDER_PATH}/Auth0.framework",
				"${TARGET_BUILD_DIR}/${FRAMEWORKS_FOLDER_PATH}/SVProgressHUD.framework",
				"${TARGET_BUILD_DIR}/${FRAMEWORKS_FOLDER_PATH}/SimpleKeychain.framework",
			);
			runOnlyForDeploymentPostprocessing = 0;
			shellPath = /bin/sh;
			shellScript = "\"${PODS_ROOT}/Target Support Files/Pods-Novartis/Pods-Novartis-frameworks.sh\"\n";
			showEnvVarsInLog = 0;
		};
		832899EAB4E44AC1E5F8B40E /* [CP] Check Pods Manifest.lock */ = {
			isa = PBXShellScriptBuildPhase;
			buildActionMask = 2147483647;
			files = (
			);
			inputFileListPaths = (
			);
			inputPaths = (
				"${PODS_PODFILE_DIR_PATH}/Podfile.lock",
				"${PODS_ROOT}/Manifest.lock",
			);
			name = "[CP] Check Pods Manifest.lock";
			outputFileListPaths = (
			);
			outputPaths = (
				"$(DERIVED_FILE_DIR)/Pods-Novartis-checkManifestLockResult.txt",
			);
			runOnlyForDeploymentPostprocessing = 0;
			shellPath = /bin/sh;
			shellScript = "diff \"${PODS_PODFILE_DIR_PATH}/Podfile.lock\" \"${PODS_ROOT}/Manifest.lock\" > /dev/null\nif [ $? != 0 ] ; then\n    # print error to STDERR\n    echo \"error: The sandbox is not in sync with the Podfile.lock. Run 'pod install' or update your CocoaPods installation.\" >&2\n    exit 1\nfi\n# This output is used by Xcode 'outputs' to avoid re-running this script phase.\necho \"SUCCESS\" > \"${SCRIPT_OUTPUT_FILE_0}\"\n";
			showEnvVarsInLog = 0;
		};
		9DB3AFC282C801CB4D85432C /* [CP] Check Pods Manifest.lock */ = {
			isa = PBXShellScriptBuildPhase;
			buildActionMask = 2147483647;
			files = (
			);
			inputFileListPaths = (
			);
			inputPaths = (
				"${PODS_PODFILE_DIR_PATH}/Podfile.lock",
				"${PODS_ROOT}/Manifest.lock",
			);
			name = "[CP] Check Pods Manifest.lock";
			outputFileListPaths = (
			);
			outputPaths = (
				"$(DERIVED_FILE_DIR)/Pods-NovartisTests-checkManifestLockResult.txt",
			);
			runOnlyForDeploymentPostprocessing = 0;
			shellPath = /bin/sh;
			shellScript = "diff \"${PODS_PODFILE_DIR_PATH}/Podfile.lock\" \"${PODS_ROOT}/Manifest.lock\" > /dev/null\nif [ $? != 0 ] ; then\n    # print error to STDERR\n    echo \"error: The sandbox is not in sync with the Podfile.lock. Run 'pod install' or update your CocoaPods installation.\" >&2\n    exit 1\nfi\n# This output is used by Xcode 'outputs' to avoid re-running this script phase.\necho \"SUCCESS\" > \"${SCRIPT_OUTPUT_FILE_0}\"\n";
			showEnvVarsInLog = 0;
		};
		B34510320CE7BA3BC0419C1B /* [CP] Embed Pods Frameworks */ = {
			isa = PBXShellScriptBuildPhase;
			buildActionMask = 2147483647;
			files = (
			);
			inputFileListPaths = (
			);
			inputPaths = (
				"${PODS_ROOT}/Target Support Files/Pods-Novartis Germany/Pods-Novartis Germany-frameworks.sh",
				"${BUILT_PRODUCTS_DIR}/Alamofire/Alamofire.framework",
				"${BUILT_PRODUCTS_DIR}/Auth0/Auth0.framework",
				"${BUILT_PRODUCTS_DIR}/SVProgressHUD/SVProgressHUD.framework",
				"${BUILT_PRODUCTS_DIR}/SimpleKeychain/SimpleKeychain.framework",
			);
			name = "[CP] Embed Pods Frameworks";
			outputFileListPaths = (
			);
			outputPaths = (
				"${TARGET_BUILD_DIR}/${FRAMEWORKS_FOLDER_PATH}/Alamofire.framework",
				"${TARGET_BUILD_DIR}/${FRAMEWORKS_FOLDER_PATH}/Auth0.framework",
				"${TARGET_BUILD_DIR}/${FRAMEWORKS_FOLDER_PATH}/SVProgressHUD.framework",
				"${TARGET_BUILD_DIR}/${FRAMEWORKS_FOLDER_PATH}/SimpleKeychain.framework",
			);
			runOnlyForDeploymentPostprocessing = 0;
			shellPath = /bin/sh;
			shellScript = "\"${PODS_ROOT}/Target Support Files/Pods-Novartis Germany/Pods-Novartis Germany-frameworks.sh\"\n";
			showEnvVarsInLog = 0;
		};
		F768AA1EA4485FC023729F58 /* [CP] Check Pods Manifest.lock */ = {
			isa = PBXShellScriptBuildPhase;
			buildActionMask = 2147483647;
			files = (
			);
			inputFileListPaths = (
			);
			inputPaths = (
				"${PODS_PODFILE_DIR_PATH}/Podfile.lock",
				"${PODS_ROOT}/Manifest.lock",
			);
			name = "[CP] Check Pods Manifest.lock";
			outputFileListPaths = (
			);
			outputPaths = (
				"$(DERIVED_FILE_DIR)/Pods-NovartisUITests-checkManifestLockResult.txt",
			);
			runOnlyForDeploymentPostprocessing = 0;
			shellPath = /bin/sh;
			shellScript = "diff \"${PODS_PODFILE_DIR_PATH}/Podfile.lock\" \"${PODS_ROOT}/Manifest.lock\" > /dev/null\nif [ $? != 0 ] ; then\n    # print error to STDERR\n    echo \"error: The sandbox is not in sync with the Podfile.lock. Run 'pod install' or update your CocoaPods installation.\" >&2\n    exit 1\nfi\n# This output is used by Xcode 'outputs' to avoid re-running this script phase.\necho \"SUCCESS\" > \"${SCRIPT_OUTPUT_FILE_0}\"\n";
			showEnvVarsInLog = 0;
		};
/* End PBXShellScriptBuildPhase section */

/* Begin PBXSourcesBuildPhase section */
		D576A23022E33C74001461AF /* Sources */ = {
			isa = PBXSourcesBuildPhase;
			buildActionMask = 2147483647;
			files = (
				D576A29F22E48BF2001461AF /* CountryInfoCellTableViewCell.swift in Sources */,
				D576A29522E3AD0C001461AF /* UIViewControllerEx.swift in Sources */,
				D576A28A22E38709001461AF /* RestClient.swift in Sources */,
				D576A2A122E4E770001461AF /* StringEx.swift in Sources */,
				D576A28122E35852001461AF /* LoginViewController.swift in Sources */,
				D576A28822E3814F001461AF /* ServiceRouter.swift in Sources */,
				D576A28322E36199001461AF /* NewUserViewController.swift in Sources */,
				D576A29022E39CFF001461AF /* LoginManager.swift in Sources */,
				D576A29822E3AD78001461AF /* Helpers.swift in Sources */,
				D576A28522E3662C001461AF /* CountryInfoViewController.swift in Sources */,
				D576A23822E33C74001461AF /* AppDelegate.swift in Sources */,
				D576A28D22E3995F001461AF /* CountryInfoViewModel.swift in Sources */,
				D576A27722E34152001461AF /* CountryInfo.swift in Sources */,
				D576A29B22E3CE42001461AF /* InvitationCodeLoginViewController.swift in Sources */,
			);
			runOnlyForDeploymentPostprocessing = 0;
		};
		D576A24422E33C76001461AF /* Sources */ = {
			isa = PBXSourcesBuildPhase;
			buildActionMask = 2147483647;
			files = (
				D576A24D22E33C76001461AF /* NovartisTests.swift in Sources */,
			);
			runOnlyForDeploymentPostprocessing = 0;
		};
		D576A24F22E33C76001461AF /* Sources */ = {
			isa = PBXSourcesBuildPhase;
			buildActionMask = 2147483647;
			files = (
				D576A25822E33C76001461AF /* NovartisUITests.swift in Sources */,
			);
			runOnlyForDeploymentPostprocessing = 0;
		};
		D576A2A422E4F2E2001461AF /* Sources */ = {
			isa = PBXSourcesBuildPhase;
			buildActionMask = 2147483647;
			files = (
				D576A2A522E4F2E2001461AF /* CountryInfoCellTableViewCell.swift in Sources */,
				D576A2A622E4F2E2001461AF /* UIViewControllerEx.swift in Sources */,
				D576A2A722E4F2E2001461AF /* RestClient.swift in Sources */,
				D576A2A822E4F2E2001461AF /* StringEx.swift in Sources */,
				D576A2A922E4F2E2001461AF /* LoginViewController.swift in Sources */,
				D576A2AB22E4F2E2001461AF /* ServiceRouter.swift in Sources */,
				D576A2AC22E4F2E2001461AF /* NewUserViewController.swift in Sources */,
				D576A2AD22E4F2E2001461AF /* LoginManager.swift in Sources */,
				D576A2AE22E4F2E2001461AF /* Helpers.swift in Sources */,
				D576A2AF22E4F2E2001461AF /* CountryInfoViewController.swift in Sources */,
				D576A2B022E4F2E2001461AF /* AppDelegate.swift in Sources */,
				D576A2B122E4F2E2001461AF /* CountryInfoViewModel.swift in Sources */,
				D576A2B222E4F2E2001461AF /* CountryInfo.swift in Sources */,
				D576A2B322E4F2E2001461AF /* InvitationCodeLoginViewController.swift in Sources */,
			);
			runOnlyForDeploymentPostprocessing = 0;
		};
/* End PBXSourcesBuildPhase section */

/* Begin PBXTargetDependency section */
		D576A24A22E33C76001461AF /* PBXTargetDependency */ = {
			isa = PBXTargetDependency;
			target = D576A23322E33C74001461AF /* Novartis */;
			targetProxy = D576A24922E33C76001461AF /* PBXContainerItemProxy */;
		};
		D576A25522E33C76001461AF /* PBXTargetDependency */ = {
			isa = PBXTargetDependency;
			target = D576A23322E33C74001461AF /* Novartis */;
			targetProxy = D576A25422E33C76001461AF /* PBXContainerItemProxy */;
		};
/* End PBXTargetDependency section */

/* Begin PBXVariantGroup section */
		D576A23B22E33C74001461AF /* Main.storyboard */ = {
			isa = PBXVariantGroup;
			children = (
				D576A23C22E33C74001461AF /* Base */,
				D576A2C522E51CFB001461AF /* de */,
			);
			name = Main.storyboard;
			sourceTree = "<group>";
		};
		D576A24022E33C76001461AF /* LaunchScreen.storyboard */ = {
			isa = PBXVariantGroup;
			children = (
				D576A24122E33C76001461AF /* Base */,
				D576A2C622E51CFB001461AF /* de */,
			);
			name = LaunchScreen.storyboard;
			sourceTree = "<group>";
		};
		D576A2CA22E51E1D001461AF /* Login.storyboard */ = {
			isa = PBXVariantGroup;
			children = (
				D576A2C922E51E1D001461AF /* Base */,
				D576A2CC22E51E2B001461AF /* de */,
			);
			name = Login.storyboard;
			sourceTree = "<group>";
		};
/* End PBXVariantGroup section */

/* Begin XCBuildConfiguration section */
		D576A25A22E33C76001461AF /* Debug */ = {
			isa = XCBuildConfiguration;
			buildSettings = {
				ALWAYS_SEARCH_USER_PATHS = NO;
				CLANG_ANALYZER_LOCALIZABILITY_NONLOCALIZED = YES;
				CLANG_ANALYZER_NONNULL = YES;
				CLANG_ANALYZER_NUMBER_OBJECT_CONVERSION = YES_AGGRESSIVE;
				CLANG_CXX_LANGUAGE_STANDARD = "gnu++14";
				CLANG_CXX_LIBRARY = "libc++";
				CLANG_ENABLE_MODULES = YES;
				CLANG_ENABLE_OBJC_ARC = YES;
				CLANG_ENABLE_OBJC_WEAK = YES;
				CLANG_WARN_BLOCK_CAPTURE_AUTORELEASING = YES;
				CLANG_WARN_BOOL_CONVERSION = YES;
				CLANG_WARN_COMMA = YES;
				CLANG_WARN_CONSTANT_CONVERSION = YES;
				CLANG_WARN_DEPRECATED_OBJC_IMPLEMENTATIONS = YES;
				CLANG_WARN_DIRECT_OBJC_ISA_USAGE = YES_ERROR;
				CLANG_WARN_DOCUMENTATION_COMMENTS = YES;
				CLANG_WARN_EMPTY_BODY = YES;
				CLANG_WARN_ENUM_CONVERSION = YES;
				CLANG_WARN_INFINITE_RECURSION = YES;
				CLANG_WARN_INT_CONVERSION = YES;
				CLANG_WARN_NON_LITERAL_NULL_CONVERSION = YES;
				CLANG_WARN_OBJC_IMPLICIT_RETAIN_SELF = YES;
				CLANG_WARN_OBJC_LITERAL_CONVERSION = YES;
				CLANG_WARN_OBJC_ROOT_CLASS = YES_ERROR;
				CLANG_WARN_RANGE_LOOP_ANALYSIS = YES;
				CLANG_WARN_STRICT_PROTOTYPES = YES;
				CLANG_WARN_SUSPICIOUS_MOVE = YES;
				CLANG_WARN_UNGUARDED_AVAILABILITY = YES_AGGRESSIVE;
				CLANG_WARN_UNREACHABLE_CODE = YES;
				CLANG_WARN__DUPLICATE_METHOD_MATCH = YES;
				CODE_SIGN_IDENTITY = "iPhone Developer";
				COPY_PHASE_STRIP = NO;
				DEBUG_INFORMATION_FORMAT = dwarf;
				ENABLE_STRICT_OBJC_MSGSEND = YES;
				ENABLE_TESTABILITY = YES;
				GCC_C_LANGUAGE_STANDARD = gnu11;
				GCC_DYNAMIC_NO_PIC = NO;
				GCC_NO_COMMON_BLOCKS = YES;
				GCC_OPTIMIZATION_LEVEL = 0;
				GCC_PREPROCESSOR_DEFINITIONS = (
					"DEBUG=1",
					"$(inherited)",
				);
				GCC_WARN_64_TO_32_BIT_CONVERSION = YES;
				GCC_WARN_ABOUT_RETURN_TYPE = YES_ERROR;
				GCC_WARN_UNDECLARED_SELECTOR = YES;
				GCC_WARN_UNINITIALIZED_AUTOS = YES_AGGRESSIVE;
				GCC_WARN_UNUSED_FUNCTION = YES;
				GCC_WARN_UNUSED_VARIABLE = YES;
				IPHONEOS_DEPLOYMENT_TARGET = 12.2;
				MTL_ENABLE_DEBUG_INFO = INCLUDE_SOURCE;
				MTL_FAST_MATH = YES;
				ONLY_ACTIVE_ARCH = YES;
				SDKROOT = iphoneos;
				SWIFT_ACTIVE_COMPILATION_CONDITIONS = DEBUG;
				SWIFT_OPTIMIZATION_LEVEL = "-Onone";
			};
			name = Debug;
		};
		D576A25B22E33C76001461AF /* Release */ = {
			isa = XCBuildConfiguration;
			buildSettings = {
				ALWAYS_SEARCH_USER_PATHS = NO;
				CLANG_ANALYZER_LOCALIZABILITY_NONLOCALIZED = YES;
				CLANG_ANALYZER_NONNULL = YES;
				CLANG_ANALYZER_NUMBER_OBJECT_CONVERSION = YES_AGGRESSIVE;
				CLANG_CXX_LANGUAGE_STANDARD = "gnu++14";
				CLANG_CXX_LIBRARY = "libc++";
				CLANG_ENABLE_MODULES = YES;
				CLANG_ENABLE_OBJC_ARC = YES;
				CLANG_ENABLE_OBJC_WEAK = YES;
				CLANG_WARN_BLOCK_CAPTURE_AUTORELEASING = YES;
				CLANG_WARN_BOOL_CONVERSION = YES;
				CLANG_WARN_COMMA = YES;
				CLANG_WARN_CONSTANT_CONVERSION = YES;
				CLANG_WARN_DEPRECATED_OBJC_IMPLEMENTATIONS = YES;
				CLANG_WARN_DIRECT_OBJC_ISA_USAGE = YES_ERROR;
				CLANG_WARN_DOCUMENTATION_COMMENTS = YES;
				CLANG_WARN_EMPTY_BODY = YES;
				CLANG_WARN_ENUM_CONVERSION = YES;
				CLANG_WARN_INFINITE_RECURSION = YES;
				CLANG_WARN_INT_CONVERSION = YES;
				CLANG_WARN_NON_LITERAL_NULL_CONVERSION = YES;
				CLANG_WARN_OBJC_IMPLICIT_RETAIN_SELF = YES;
				CLANG_WARN_OBJC_LITERAL_CONVERSION = YES;
				CLANG_WARN_OBJC_ROOT_CLASS = YES_ERROR;
				CLANG_WARN_RANGE_LOOP_ANALYSIS = YES;
				CLANG_WARN_STRICT_PROTOTYPES = YES;
				CLANG_WARN_SUSPICIOUS_MOVE = YES;
				CLANG_WARN_UNGUARDED_AVAILABILITY = YES_AGGRESSIVE;
				CLANG_WARN_UNREACHABLE_CODE = YES;
				CLANG_WARN__DUPLICATE_METHOD_MATCH = YES;
				CODE_SIGN_IDENTITY = "iPhone Developer";
				COPY_PHASE_STRIP = NO;
				DEBUG_INFORMATION_FORMAT = "dwarf-with-dsym";
				ENABLE_NS_ASSERTIONS = NO;
				ENABLE_STRICT_OBJC_MSGSEND = YES;
				GCC_C_LANGUAGE_STANDARD = gnu11;
				GCC_NO_COMMON_BLOCKS = YES;
				GCC_WARN_64_TO_32_BIT_CONVERSION = YES;
				GCC_WARN_ABOUT_RETURN_TYPE = YES_ERROR;
				GCC_WARN_UNDECLARED_SELECTOR = YES;
				GCC_WARN_UNINITIALIZED_AUTOS = YES_AGGRESSIVE;
				GCC_WARN_UNUSED_FUNCTION = YES;
				GCC_WARN_UNUSED_VARIABLE = YES;
				IPHONEOS_DEPLOYMENT_TARGET = 12.2;
				MTL_ENABLE_DEBUG_INFO = NO;
				MTL_FAST_MATH = YES;
				SDKROOT = iphoneos;
				SWIFT_COMPILATION_MODE = wholemodule;
				SWIFT_OPTIMIZATION_LEVEL = "-O";
				VALIDATE_PRODUCT = YES;
			};
			name = Release;
		};
		D576A25D22E33C76001461AF /* Debug */ = {
			isa = XCBuildConfiguration;
			baseConfigurationReference = 106C6B37BAA49734C7219196 /* Pods-Novartis.debug.xcconfig */;
			buildSettings = {
				ASSETCATALOG_COMPILER_APPICON_NAME = AppIcon;
				CODE_SIGN_STYLE = Automatic;
				INFOPLIST_FILE = Novartis/Info.plist;
				IPHONEOS_DEPLOYMENT_TARGET = 10.0;
				LD_RUNPATH_SEARCH_PATHS = (
					"$(inherited)",
					"@executable_path/Frameworks",
				);
				PRODUCT_BUNDLE_IDENTIFIER = com.lux.Novartis;
				PRODUCT_NAME = "$(TARGET_NAME)";
				"SWIFT_ACTIVE_COMPILATION_CONDITIONS[arch=*]" = "USE_MOCK_DATA IRELAND";
				SWIFT_VERSION = 5.0;
				TARGETED_DEVICE_FAMILY = "1,2";
			};
			name = Debug;
		};
		D576A25E22E33C76001461AF /* Release */ = {
			isa = XCBuildConfiguration;
			baseConfigurationReference = 394F0C33137B7B2F4CD8B087 /* Pods-Novartis.release.xcconfig */;
			buildSettings = {
				ASSETCATALOG_COMPILER_APPICON_NAME = AppIcon;
				CODE_SIGN_STYLE = Automatic;
				INFOPLIST_FILE = Novartis/Info.plist;
				IPHONEOS_DEPLOYMENT_TARGET = 10.0;
				LD_RUNPATH_SEARCH_PATHS = (
					"$(inherited)",
					"@executable_path/Frameworks",
				);
				PRODUCT_BUNDLE_IDENTIFIER = com.lux.Novartis;
				PRODUCT_NAME = "$(TARGET_NAME)";
				SWIFT_VERSION = 5.0;
				TARGETED_DEVICE_FAMILY = "1,2";
			};
			name = Release;
		};
		D576A26022E33C76001461AF /* Debug */ = {
			isa = XCBuildConfiguration;
			baseConfigurationReference = B265BE5E7A2722319DE4B5C4 /* Pods-NovartisTests.debug.xcconfig */;
			buildSettings = {
				ALWAYS_EMBED_SWIFT_STANDARD_LIBRARIES = YES;
				BUNDLE_LOADER = "$(TEST_HOST)";
				CODE_SIGN_STYLE = Automatic;
				INFOPLIST_FILE = NovartisTests/Info.plist;
				LD_RUNPATH_SEARCH_PATHS = (
					"$(inherited)",
					"@executable_path/Frameworks",
					"@loader_path/Frameworks",
				);
				PRODUCT_BUNDLE_IDENTIFIER = com.lux.NovartisTests;
				PRODUCT_NAME = "$(TARGET_NAME)";
				SWIFT_VERSION = 5.0;
				TARGETED_DEVICE_FAMILY = "1,2";
				TEST_HOST = "$(BUILT_PRODUCTS_DIR)/Novartis.app/Novartis";
			};
			name = Debug;
		};
		D576A26122E33C76001461AF /* Release */ = {
			isa = XCBuildConfiguration;
			baseConfigurationReference = A3B8994CFC96A1C556B214A7 /* Pods-NovartisTests.release.xcconfig */;
			buildSettings = {
				ALWAYS_EMBED_SWIFT_STANDARD_LIBRARIES = YES;
				BUNDLE_LOADER = "$(TEST_HOST)";
				CODE_SIGN_STYLE = Automatic;
				INFOPLIST_FILE = NovartisTests/Info.plist;
				LD_RUNPATH_SEARCH_PATHS = (
					"$(inherited)",
					"@executable_path/Frameworks",
					"@loader_path/Frameworks",
				);
				PRODUCT_BUNDLE_IDENTIFIER = com.lux.NovartisTests;
				PRODUCT_NAME = "$(TARGET_NAME)";
				SWIFT_VERSION = 5.0;
				TARGETED_DEVICE_FAMILY = "1,2";
				TEST_HOST = "$(BUILT_PRODUCTS_DIR)/Novartis.app/Novartis";
			};
			name = Release;
		};
		D576A26322E33C76001461AF /* Debug */ = {
			isa = XCBuildConfiguration;
			baseConfigurationReference = 3BC518793645EFCFFF3D34C6 /* Pods-NovartisUITests.debug.xcconfig */;
			buildSettings = {
				ALWAYS_EMBED_SWIFT_STANDARD_LIBRARIES = YES;
				CODE_SIGN_STYLE = Automatic;
				INFOPLIST_FILE = NovartisUITests/Info.plist;
				LD_RUNPATH_SEARCH_PATHS = (
					"$(inherited)",
					"@executable_path/Frameworks",
					"@loader_path/Frameworks",
				);
				PRODUCT_BUNDLE_IDENTIFIER = com.lux.NovartisUITests;
				PRODUCT_NAME = "$(TARGET_NAME)";
				SWIFT_VERSION = 5.0;
				TARGETED_DEVICE_FAMILY = "1,2";
				TEST_TARGET_NAME = Novartis;
			};
			name = Debug;
		};
		D576A26422E33C76001461AF /* Release */ = {
			isa = XCBuildConfiguration;
			baseConfigurationReference = 8C911D8D2089DA9B250AD70D /* Pods-NovartisUITests.release.xcconfig */;
			buildSettings = {
				ALWAYS_EMBED_SWIFT_STANDARD_LIBRARIES = YES;
				CODE_SIGN_STYLE = Automatic;
				INFOPLIST_FILE = NovartisUITests/Info.plist;
				LD_RUNPATH_SEARCH_PATHS = (
					"$(inherited)",
					"@executable_path/Frameworks",
					"@loader_path/Frameworks",
				);
				PRODUCT_BUNDLE_IDENTIFIER = com.lux.NovartisUITests;
				PRODUCT_NAME = "$(TARGET_NAME)";
				SWIFT_VERSION = 5.0;
				TARGETED_DEVICE_FAMILY = "1,2";
				TEST_TARGET_NAME = Novartis;
			};
			name = Release;
		};
		D576A2C122E4F2E2001461AF /* Debug */ = {
			isa = XCBuildConfiguration;
			baseConfigurationReference = 191CDC2074921133A84F5743 /* Pods-Novartis Germany.debug.xcconfig */;
			buildSettings = {
				ASSETCATALOG_COMPILER_APPICON_NAME = AppIcon;
				CODE_SIGN_STYLE = Automatic;
				INFOPLIST_FILE = "Novartis Germany.plist";
				IPHONEOS_DEPLOYMENT_TARGET = 10.0;
				LD_RUNPATH_SEARCH_PATHS = (
					"$(inherited)",
					"@executable_path/Frameworks",
				);
				PRODUCT_BUNDLE_IDENTIFIER = com.lux.Novartis;
				PRODUCT_NAME = "$(TARGET_NAME)";
				"SWIFT_ACTIVE_COMPILATION_CONDITIONS[arch=*]" = "USE_MOCK_DATA GERMANY";
				SWIFT_VERSION = 5.0;
				TARGETED_DEVICE_FAMILY = "1,2";
			};
			name = Debug;
		};
		D576A2C222E4F2E2001461AF /* Release */ = {
			isa = XCBuildConfiguration;
			baseConfigurationReference = 05871F7AAB65BB02E67B50D8 /* Pods-Novartis Germany.release.xcconfig */;
			buildSettings = {
				ASSETCATALOG_COMPILER_APPICON_NAME = AppIcon;
				CODE_SIGN_STYLE = Automatic;
				INFOPLIST_FILE = "Novartis Germany.plist";
				IPHONEOS_DEPLOYMENT_TARGET = 10.0;
				LD_RUNPATH_SEARCH_PATHS = (
					"$(inherited)",
					"@executable_path/Frameworks",
				);
				PRODUCT_BUNDLE_IDENTIFIER = com.lux.Novartis;
				PRODUCT_NAME = "$(TARGET_NAME)";
				SWIFT_VERSION = 5.0;
				TARGETED_DEVICE_FAMILY = "1,2";
			};
			name = Release;
		};
/* End XCBuildConfiguration section */

/* Begin XCConfigurationList section */
		D576A22F22E33C74001461AF /* Build configuration list for PBXProject "Novartis" */ = {
			isa = XCConfigurationList;
			buildConfigurations = (
				D576A25A22E33C76001461AF /* Debug */,
				D576A25B22E33C76001461AF /* Release */,
			);
			defaultConfigurationIsVisible = 0;
			defaultConfigurationName = Release;
		};
		D576A25C22E33C76001461AF /* Build configuration list for PBXNativeTarget "Novartis" */ = {
			isa = XCConfigurationList;
			buildConfigurations = (
				D576A25D22E33C76001461AF /* Debug */,
				D576A25E22E33C76001461AF /* Release */,
			);
			defaultConfigurationIsVisible = 0;
			defaultConfigurationName = Release;
		};
		D576A25F22E33C76001461AF /* Build configuration list for PBXNativeTarget "NovartisTests" */ = {
			isa = XCConfigurationList;
			buildConfigurations = (
				D576A26022E33C76001461AF /* Debug */,
				D576A26122E33C76001461AF /* Release */,
			);
			defaultConfigurationIsVisible = 0;
			defaultConfigurationName = Release;
		};
		D576A26222E33C76001461AF /* Build configuration list for PBXNativeTarget "NovartisUITests" */ = {
			isa = XCConfigurationList;
			buildConfigurations = (
				D576A26322E33C76001461AF /* Debug */,
				D576A26422E33C76001461AF /* Release */,
			);
			defaultConfigurationIsVisible = 0;
			defaultConfigurationName = Release;
		};
		D576A2C022E4F2E2001461AF /* Build configuration list for PBXNativeTarget "Novartis Germany" */ = {
			isa = XCConfigurationList;
			buildConfigurations = (
				D576A2C122E4F2E2001461AF /* Debug */,
				D576A2C222E4F2E2001461AF /* Release */,
			);
			defaultConfigurationIsVisible = 0;
			defaultConfigurationName = Release;
		};
/* End XCConfigurationList section */
	};
	rootObject = D576A22C22E33C74001461AF /* Project object */;
}
